
Microsoft Visual Studio Solution File, Format Version 12.00
# Visual Studio 2013
VisualStudioVersion = 12.0.30501.0
MinimumVisualStudioVersion = 10.0.40219.1
Project("{FAE04EC0-301F-11D3-BF4B-00C04F79EFBC}") = "UI", "UI\UI.csproj", "{CDE0FD1F-346B-4557-A8E1-75C1EA391A98}"
EndProject
Project("{FAE04EC0-301F-11D3-BF4B-00C04F79EFBC}") = "BLL", "BLL\BLL.csproj", "{39C819A2-6364-4FE5-98C2-83D89A8DF5EF}"
EndProject
Project("{FAE04EC0-301F-11D3-BF4B-00C04F79EFBC}") = "DAL", "DAL\DAL.csproj", "{C8050134-48F4-48BC-A727-8F9E0B4DBC94}"
EndProject
Project("{FAE04EC0-301F-11D3-BF4B-00C04F79EFBC}") = "Model", "Model\Model.csproj", "{6B171920-04F5-406B-84B4-30676427029B}"
EndProject
Global
	GlobalSection(SolutionConfigurationPlatforms) = preSolution
		Debug|Any CPU = Debug|Any CPU
		Release|Any CPU = Release|Any CPU
	EndGlobalSection
	GlobalSection(ProjectConfigurationPlatforms) = postSolution
		{CDE0FD1F-346B-4557-A8E1-75C1EA391A98}.Debug|Any CPU.ActiveCfg = Debug|Any CPU
		{CDE0FD1F-346B-4557-A8E1-75C1EA391A98}.Debug|Any CPU.Build.0 = Debug|Any CPU
		{CDE0FD1F-346B-4557-A8E1-75C1EA391A98}.Release|Any CPU.ActiveCfg = Release|Any CPU
		{CDE0FD1F-346B-4557-A8E1-75C1EA391A98}.Release|Any CPU.Build.0 = Release|Any CPU
		{39C819A2-6364-4FE5-98C2-83D89A8DF5EF}.Debug|Any CPU.ActiveCfg = Debug|Any CPU
		{39C819A2-6364-4FE5-98C2-83D89A8DF5EF}.Debug|Any CPU.Build.0 = Debug|Any CPU
		{39C819A2-6364-4FE5-98C2-83D89A8DF5EF}.Release|Any CPU.ActiveCfg = Release|Any CPU
		{39C819A2-6364-4FE5-98C2-83D89A8DF5EF}.Release|Any CPU.Build.0 = Release|Any CPU
		{C8050134-48F4-48BC-A727-8F9E0B4DBC94}.Debug|Any CPU.ActiveCfg = Debug|Any CPU
		{C8050134-48F4-48BC-A727-8F9E0B4DBC94}.Debug|Any CPU.Build.0 = Debug|Any CPU
		{C8050134-48F4-48BC-A727-8F9E0B4DBC94}.Release|Any CPU.ActiveCfg = Release|Any CPU
		{C8050134-48F4-48BC-A727-8F9E0B4DBC94}.Release|Any CPU.Build.0 = Release|Any CPU
		{6B171920-04F5-406B-84B4-30676427029B}.Debug|Any CPU.ActiveCfg = Debug|Any CPU
		{6B171920-04F5-406B-84B4-30676427029B}.Debug|Any CPU.Build.0 = Debug|Any CPU
		{6B171920-04F5-406B-84B4-30676427029B}.Release|Any CPU.ActiveCfg = Release|Any CPU
		{6B171920-04F5-406B-84B4-30676427029B}.Release|Any CPU.Build.0 = Release|Any CPU
	EndGlobalSection
	GlobalSection(SolutionProperties) = preSolution
		HideSolutionNode = FALSE
	EndGlobalSection
EndGlobal
